
Microsoft Visual Studio Solution File, Format Version 12.00
# Visual Studio Version 16
VisualStudioVersion = 16.0.29009.5
MinimumVisualStudioVersion = 10.0.40219.1
Project("{FAE04EC0-301F-11D3-BF4B-00C04F79EFBC}") = "EX6", "EX6.csproj", "{3DEBE95C-15AB-41FE-88DB-AC82AE4791AA}"
EndProject
Global
	GlobalSection(SolutionConfigurationPlatforms) = preSolution
		Debug|Any CPU = Debug|Any CPU
		Release|Any CPU = Release|Any CPU
	EndGlobalSection
	GlobalSection(ProjectConfigurationPlatforms) = postSolution
		{3DEBE95C-15AB-41FE-88DB-AC82AE4791AA}.Debug|Any CPU.ActiveCfg = Debug|Any CPU
		{3DEBE95C-15AB-41FE-88DB-AC82AE4791AA}.Debug|Any CPU.Build.0 = Debug|Any CPU
		{3DEBE95C-15AB-41FE-88DB-AC82AE4791AA}.Release|Any CPU.ActiveCfg = Release|Any CPU
		{3DEBE95C-15AB-41FE-88DB-AC82AE4791AA}.Release|Any CPU.Build.0 = Release|Any CPU
	EndGlobalSection
	GlobalSection(SolutionProperties) = preSolution
		HideSolutionNode = FALSE
	EndGlobalSection
	GlobalSection(ExtensibilityGlobals) = postSolution
		SolutionGuid = {A47B110A-DFF1-4C3C-A1BA-B205B609E8D5}
	EndGlobalSection
EndGlobal
